lockfileVersion: 5.3

specifiers:
  '@types/node': 14.x
  '@types/react': '>=16.2.0'
  callbag-interval: ^1.0.0
  callbag-map: ^1.0.1
  callbag-pipe: ^1.1.1
  callbag-take: ^1.0.0
  callbag-to-obs: ^1.0.0
  react: '>=16.2.0'
  react-test-renderer: 17.0.2
  tape: ^5.2.2
  typescript: 4.2.4

dependencies:
  '@types/react': 17.0.5
  react: 17.0.2

devDependencies:
  '@types/node': 14.14.44
  callbag-interval: 1.2.0
  callbag-map: 1.1.0
  callbag-pipe: 1.2.0
  callbag-take: 1.5.0
  callbag-to-obs: 1.0.0
  react-test-renderer: 17.0.2_react@17.0.2
  tape: 5.2.2
  typescript: 4.2.4

packages:

  /@types/node/14.14.44:
    resolution: {integrity: sha512-+gaugz6Oce6ZInfI/tK4Pq5wIIkJMEJUu92RB3Eu93mtj4wjjjz9EB5mLp5s1pSsLXdC/CPut/xF20ZzAQJbTA==}
    dev: true

  /@types/prop-types/15.7.3:
    resolution: {integrity: sha512-KfRL3PuHmqQLOG+2tGpRO26Ctg+Cq1E01D2DMriKEATHgWLfeNDmq9e29Q9WIky0dQ3NPkd1mzYH8Lm936Z9qw==}
    dev: false

  /@types/react/17.0.5:
    resolution: {integrity: sha512-bj4biDB9ZJmGAYTWSKJly6bMr4BLUiBrx9ujiJEoP9XIDY9CTaPGxE5QWN/1WjpPLzYF7/jRNnV2nNxNe970sw==}
    dependencies:
      '@types/prop-types': 15.7.3
      '@types/scheduler': 0.16.1
      csstype: 3.0.8
    dev: false

  /@types/scheduler/0.16.1:
    resolution: {integrity: sha512-EaCxbanVeyxDRTQBkdLb3Bvl/HK7PBK6UJjsSixB0iHKoWxE5uu2Q/DgtpOhPIojN0Zl1whvOd7PoHs2P0s5eA==}
    dev: false

  /array-filter/1.0.0:
    resolution: {integrity: sha1-uveeYubvTCpMC4MSMtr/7CUfnYM=}
    dev: true

  /available-typed-arrays/1.0.2:
    resolution: {integrity: sha512-XWX3OX8Onv97LMk/ftVyBibpGwY5a8SmuxZPzeOxqmuEqUCOM9ZE+uIaD1VNJ5QnvU2UQusvmKbuM1FR8QWGfQ==}
    engines: {node: '>= 0.4'}
    dependencies:
      array-filter: 1.0.0
    dev: true

  /balanced-match/1.0.2:
    resolution: {integrity: sha512-3oSeUO0TMV67hN1AmbXsK4yaqU7tjiHlbxRDZOpH0KW9+CeX4bRAaX0Anxt0tx2MrpRpWwQaPwIlISEJhYU5Pw==}
    dev: true

  /brace-expansion/1.1.11:
    resolution: {integrity: sha512-iCuPHDFgrHX7H2vEI/5xpz07zSHB00TpugqhmYtVmMO6518mCuRMoOYFldEBl0g187ufozdaHgWKcYFb61qGiA==}
    dependencies:
      balanced-match: 1.0.2
      concat-map: 0.0.1
    dev: true

  /call-bind/1.0.2:
    resolution: {integrity: sha512-7O+FbCihrB5WGbFYesctwmTKae6rOiIzmz1icreWJ+0aA7LJfuqhEso2T9ncpcFtzMQtzXf2QGGueWJGTYsqrA==}
    dependencies:
      function-bind: 1.1.1
      get-intrinsic: 1.1.1
    dev: true

  /callbag-interval/1.2.0:
    resolution: {integrity: sha512-jo2UQZ+vvGWvCCykqKzL7ixSoTmvzDysQGTQkI3qQF28weRSMSmH5k86qmm7ddfPW1yNczcL93uhGnWC5e34Og==}
    dependencies:
      callbag: 1.4.0
    dev: true

  /callbag-map/1.1.0:
    resolution: {integrity: sha512-/xFzvJCtx1xulZpFeI4wq+ZD7tkg417XOeJ3wS9v8bHLLpt+fHKXgbZ8TBnnIxywJN6Uu/ZhL+c1DzUG6KXYFQ==}
    dependencies:
      callbag: 1.4.0
    dev: true

  /callbag-pipe/1.2.0:
    resolution: {integrity: sha512-M+LdHUK0qJkm4CRe+I870ZzD/SnzcpTsfJRzFoB2hOkNXlrVdoj002KMkfdS4pHMfV6egzZFd8j+xJu6C4kwEQ==}
    dev: true

  /callbag-take/1.5.0:
    resolution: {integrity: sha512-8aOxp+gzfVQtDe+tk9PhKbC9QR9Vap4KFA0xccUiXFK9VjIS0fSt/Yi454viPpMhJkhRcx1BsjyF34Cj57W89A==}
    dependencies:
      callbag: 1.4.0
    dev: true

  /callbag-to-obs/1.0.0:
    resolution: {integrity: sha512-lHxKSHy0EtUyzzE+iVlBBbuFzM5vXj03pP3Fquxy+Vn2/E5qzXgwGvoTMbXxPvwjBOmBPfmVAJl0p+ERuWYUcg==}
    dependencies:
      symbol-observable: 1.2.0
    dev: true

  /callbag/1.4.0:
    resolution: {integrity: sha512-C6KRhRbEddJ89vClBBR9Hd10DXv3J5ulKmJ+SRjn+eNup8imZ+sxG3QkWJ3IEljpHfVxo/6IcRnXuQE2GQmmXA==}
    dev: true

  /concat-map/0.0.1:
    resolution: {integrity: sha1-2Klr13/Wjfd5OnMDajug1UBdR3s=}
    dev: true

  /csstype/3.0.8:
    resolution: {integrity: sha512-jXKhWqXPmlUeoQnF/EhTtTl4C9SnrxSH/jZUih3jmO6lBKr99rP3/+FmrMj4EFpOXzMtXHAZkd3x0E6h6Fgflw==}
    dev: false

  /deep-equal/2.0.5:
    resolution: {integrity: sha512-nPiRgmbAtm1a3JsnLCf6/SLfXcjyN5v8L1TXzdCmHrXJ4hx+gW/w1YCcn7z8gJtSiDArZCgYtbao3QqLm/N1Sw==}
    dependencies:
      call-bind: 1.0.2
      es-get-iterator: 1.1.2
      get-intrinsic: 1.1.1
      is-arguments: 1.1.0
      is-date-object: 1.0.4
      is-regex: 1.1.3
      isarray: 2.0.5
      object-is: 1.1.5
      object-keys: 1.1.1
      object.assign: 4.1.2
      regexp.prototype.flags: 1.3.1
      side-channel: 1.0.4
      which-boxed-primitive: 1.0.2
      which-collection: 1.0.1
      which-typed-array: 1.1.4
    dev: true

  /define-properties/1.1.3:
    resolution: {integrity: sha512-3MqfYKj2lLzdMSf8ZIZE/V+Zuy+BgD6f164e8K2w7dgnpKArBDerGYpM46IYYcjnkdPNMjPk9A6VFB8+3SKlXQ==}
    engines: {node: '>= 0.4'}
    dependencies:
      object-keys: 1.1.1
    dev: true

  /defined/1.0.0:
    resolution: {integrity: sha1-yY2bzvdWdBiOEQlpFRGZ45sfppM=}
    dev: true

  /dotignore/0.1.2:
    resolution: {integrity: sha512-UGGGWfSauusaVJC+8fgV+NVvBXkCTmVv7sk6nojDZZvuOUNGUy0Zk4UpHQD6EDjS0jpBwcACvH4eofvyzBcRDw==}
    hasBin: true
    dependencies:
      minimatch: 3.0.4
    dev: true

  /es-abstract/1.18.0:
    resolution: {integrity: sha512-LJzK7MrQa8TS0ja2w3YNLzUgJCGPdPOV1yVvezjNnS89D+VR08+Szt2mz3YB2Dck/+w5tfIq/RoUAFqJJGM2yw==}
    engines: {node: '>= 0.4'}
    dependencies:
      call-bind: 1.0.2
      es-to-primitive: 1.2.1
      function-bind: 1.1.1
      get-intrinsic: 1.1.1
      has: 1.0.3
      has-symbols: 1.0.2
      is-callable: 1.2.3
      is-negative-zero: 2.0.1
      is-regex: 1.1.3
      is-string: 1.0.6
      object-inspect: 1.10.3
      object-keys: 1.1.1
      object.assign: 4.1.2
      string.prototype.trimend: 1.0.4
      string.prototype.trimstart: 1.0.4
      unbox-primitive: 1.0.1
    dev: true

  /es-get-iterator/1.1.2:
    resolution: {integrity: sha512-+DTO8GYwbMCwbywjimwZMHp8AuYXOS2JZFWoi2AlPOS3ebnII9w/NLpNZtA7A0YLaVDw+O7KFCeoIV7OPvM7hQ==}
    dependencies:
      call-bind: 1.0.2
      get-intrinsic: 1.1.1
      has-symbols: 1.0.2
      is-arguments: 1.1.0
      is-map: 2.0.2
      is-set: 2.0.2
      is-string: 1.0.6
      isarray: 2.0.5
    dev: true

  /es-to-primitive/1.2.1:
    resolution: {integrity: sha512-QCOllgZJtaUo9miYBcLChTUaHNjJF3PYs1VidD7AwiEj1kYxKeQTctLAezAOH5ZKRH0g2IgPn6KwB4IT8iRpvA==}
    engines: {node: '>= 0.4'}
    dependencies:
      is-callable: 1.2.3
      is-date-object: 1.0.4
      is-symbol: 1.0.3
    dev: true

  /for-each/0.3.3:
    resolution: {integrity: sha512-jqYfLp7mo9vIyQf8ykW2v7A+2N4QjeCeI5+Dz9XraiO1ign81wjiH7Fb9vSOWvQfNtmSa4H2RoQTrrXivdUZmw==}
    dependencies:
      is-callable: 1.2.3
    dev: true

  /foreach/2.0.5:
    resolution: {integrity: sha1-C+4AUBiusmDQo6865ljdATbsG5k=}
    dev: true

  /fs.realpath/1.0.0:
    resolution: {integrity: sha1-FQStJSMVjKpA20onh8sBQRmU6k8=}
    dev: true

  /function-bind/1.1.1:
    resolution: {integrity: sha512-yIovAzMX49sF8Yl58fSCWJ5svSLuaibPxXQJFLmBObTuCr0Mf1KiPopGM9NiFjiYBCbfaa2Fh6breQ6ANVTI0A==}
    dev: true

  /get-intrinsic/1.1.1:
    resolution: {integrity: sha512-kWZrnVM42QCiEA2Ig1bG8zjoIMOgxWwYCEeNdwY6Tv/cOSeGpcoX4pXHfKUxNKVoArnrEr2e9srnAxxGIraS9Q==}
    dependencies:
      function-bind: 1.1.1
      has: 1.0.3
      has-symbols: 1.0.2
    dev: true

  /glob/7.1.7:
    resolution: {integrity: sha512-OvD9ENzPLbegENnYP5UUfJIirTg4+XwMWGaQfQTY0JenxNvvIKP3U3/tAQSPIu/lHxXYSZmpXlUHeqAIdKzBLQ==}
    dependencies:
      fs.realpath: 1.0.0
      inflight: 1.0.6
      inherits: 2.0.4
      minimatch: 3.0.4
      once: 1.4.0
      path-is-absolute: 1.0.1
    dev: true

  /has-bigints/1.0.1:
    resolution: {integrity: sha512-LSBS2LjbNBTf6287JEbEzvJgftkF5qFkmCo9hDRpAzKhUOlJ+hx8dd4USs00SgsUNwc4617J9ki5YtEClM2ffA==}
    dev: true

  /has-symbols/1.0.2:
    resolution: {integrity: sha512-chXa79rL/UC2KlX17jo3vRGz0azaWEx5tGqZg5pO3NUyEJVB17dMruQlzCCOfUvElghKcm5194+BCRvi2Rv/Gw==}
    engines: {node: '>= 0.4'}
    dev: true

  /has/1.0.3:
    resolution: {integrity: sha512-f2dvO0VU6Oej7RkWJGrehjbzMAjFp5/VKPp5tTpWIV4JHHZK1/BxbFRtf/siA2SWTe09caDmVtYYzWEIbBS4zw==}
    engines: {node: '>= 0.4.0'}
    dependencies:
      function-bind: 1.1.1
    dev: true

  /inflight/1.0.6:
    resolution: {integrity: sha1-Sb1jMdfQLQwJvJEKEHW6gWW1bfk=}
    dependencies:
      once: 1.4.0
      wrappy: 1.0.2
    dev: true

  /inherits/2.0.4:
    resolution: {integrity: sha512-k/vGaX4/Yla3WzyMCvTQOXYeIHvqOKtnqBduzTHpzpQZzAskKMhZ2K+EnBiSM9zGSoIFeMpXKxa4dYeZIQqewQ==}
    dev: true

  /is-arguments/1.1.0:
    resolution: {integrity: sha512-1Ij4lOMPl/xB5kBDn7I+b2ttPMKa8szhEIrXDuXQD/oe3HJLTLhqhgGspwgyGd6MOywBUqVvYicF72lkgDnIHg==}
    engines: {node: '>= 0.4'}
    dependencies:
      call-bind: 1.0.2
    dev: true

  /is-bigint/1.0.2:
    resolution: {integrity: sha512-0JV5+SOCQkIdzjBK9buARcV804Ddu7A0Qet6sHi3FimE9ne6m4BGQZfRn+NZiXbBk4F4XmHfDZIipLj9pX8dSA==}
    dev: true

  /is-boolean-object/1.1.1:
    resolution: {integrity: sha512-bXdQWkECBUIAcCkeH1unwJLIpZYaa5VvuygSyS/c2lf719mTKZDU5UdDRlpd01UjADgmW8RfqaP+mRaVPdr/Ng==}
    engines: {node: '>= 0.4'}
    dependencies:
      call-bind: 1.0.2
    dev: true

  /is-callable/1.2.3:
    resolution: {integrity: sha512-J1DcMe8UYTBSrKezuIUTUwjXsho29693unXM2YhJUTR2txK/eG47bvNa/wipPFmZFgr/N6f1GA66dv0mEyTIyQ==}
    engines: {node: '>= 0.4'}
    dev: true

  /is-core-module/2.3.0:
    resolution: {integrity: sha512-xSphU2KG9867tsYdLD4RWQ1VqdFl4HTO9Thf3I/3dLEfr0dbPTWKsuCKrgqMljg4nPE+Gq0VCnzT3gr0CyBmsw==}
    dependencies:
      has: 1.0.3
    dev: true

  /is-date-object/1.0.4:
    resolution: {integrity: sha512-/b4ZVsG7Z5XVtIxs/h9W8nvfLgSAyKYdtGWQLbqy6jA1icmgjf8WCoTKgeS4wy5tYaPePouzFMANbnj94c2Z+A==}
    engines: {node: '>= 0.4'}
    dev: true

  /is-map/2.0.2:
    resolution: {integrity: sha512-cOZFQQozTha1f4MxLFzlgKYPTyj26picdZTx82hbc/Xf4K/tZOOXSCkMvU4pKioRXGDLJRn0GM7Upe7kR721yg==}
    dev: true

  /is-negative-zero/2.0.1:
    resolution: {integrity: sha512-2z6JzQvZRa9A2Y7xC6dQQm4FSTSTNWjKIYYTt4246eMTJmIo0Q+ZyOsU66X8lxK1AbB92dFeglPLrhwpeRKO6w==}
    engines: {node: '>= 0.4'}
    dev: true

  /is-number-object/1.0.5:
    resolution: {integrity: sha512-RU0lI/n95pMoUKu9v1BZP5MBcZuNSVJkMkAG2dJqC4z2GlkGUNeH68SuHuBKBD/XFe+LHZ+f9BKkLET60Niedw==}
    engines: {node: '>= 0.4'}
    dev: true

  /is-regex/1.1.3:
    resolution: {integrity: sha512-qSVXFz28HM7y+IWX6vLCsexdlvzT1PJNFSBuaQLQ5o0IEw8UDYW6/2+eCMVyIsbM8CNLX2a/QWmSpyxYEHY7CQ==}
    engines: {node: '>= 0.4'}
    dependencies:
      call-bind: 1.0.2
      has-symbols: 1.0.2
    dev: true

  /is-set/2.0.2:
    resolution: {integrity: sha512-+2cnTEZeY5z/iXGbLhPrOAaK/Mau5k5eXq9j14CpRTftq0pAJu2MwVRSZhyZWBzx3o6X795Lz6Bpb6R0GKf37g==}
    dev: true

  /is-string/1.0.6:
    resolution: {integrity: sha512-2gdzbKUuqtQ3lYNrUTQYoClPhm7oQu4UdpSZMp1/DGgkHBT8E2Z1l0yMdb6D4zNAxwDiMv8MdulKROJGNl0Q0w==}
    engines: {node: '>= 0.4'}
    dev: true

  /is-symbol/1.0.3:
    resolution: {integrity: sha512-OwijhaRSgqvhm/0ZdAcXNZt9lYdKFpcRDT5ULUuYXPoT794UNOdU+gpT6Rzo7b4V2HUl/op6GqY894AZwv9faQ==}
    engines: {node: '>= 0.4'}
    dependencies:
      has-symbols: 1.0.2
    dev: true

  /is-typed-array/1.1.5:
    resolution: {integrity: sha512-S+GRDgJlR3PyEbsX/Fobd9cqpZBuvUS+8asRqYDMLCb2qMzt1oz5m5oxQCxOgUDxiWsOVNi4yaF+/uvdlHlYug==}
    engines: {node: '>= 0.4'}
    dependencies:
      available-typed-arrays: 1.0.2
      call-bind: 1.0.2
      es-abstract: 1.18.0
      foreach: 2.0.5
      has-symbols: 1.0.2
    dev: true

  /is-weakmap/2.0.1:
    resolution: {integrity: sha512-NSBR4kH5oVj1Uwvv970ruUkCV7O1mzgVFO4/rev2cLRda9Tm9HrL70ZPut4rOHgY0FNrUu9BCbXA2sdQ+x0chA==}
    dev: true

  /is-weakset/2.0.1:
    resolution: {integrity: sha512-pi4vhbhVHGLxohUw7PhGsueT4vRGFoXhP7+RGN0jKIv9+8PWYCQTqtADngrxOm2g46hoH0+g8uZZBzMrvVGDmw==}
    dev: true

  /isarray/2.0.5:
    resolution: {integrity: sha512-xHjhDr3cNBK0BzdUJSPXZntQUx/mwMS5Rw4A7lPJ90XGAO6ISP/ePDNuo0vhqOZU+UD5JoodwCAAoZQd3FeAKw==}
    dev: true

  /js-tokens/4.0.0:
    resolution: {integrity: sha512-RdJUflcE3cUzKiMqQgsCu06FPu9UdIJO0beYbPhHN4k6apgJtifcoCtT9bcxOpYBtpD2kCM6Sbzg4CausW/PKQ==}

  /loose-envify/1.4.0:
    resolution: {integrity: sha512-lyuxPGr/Wfhrlem2CL/UcnUc1zcqKAImBDzukY7Y5F/yQiNdko6+fRLevlw1HgMySw7f611UIY408EtxRSoK3Q==}
    hasBin: true
    dependencies:
      js-tokens: 4.0.0

  /minimatch/3.0.4:
    resolution: {integrity: sha512-yJHVQEhyqPLUTgt9B83PXu6W3rx4MvvHvSUvToogpwoGDOUQ+yDrR0HRot+yOCdCO7u4hX3pWft6kWBBcqh0UA==}
    dependencies:
      brace-expansion: 1.1.11
    dev: true

  /minimist/1.2.5:
    resolution: {integrity: sha512-FM9nNUYrRBAELZQT3xeZQ7fmMOBg6nWNmJKTcgsJeaLstP/UODVpGsr5OhXhhXg6f+qtJ8uiZ+PUxkDWcgIXLw==}
    dev: true

  /object-assign/4.1.1:
    resolution: {integrity: sha1-IQmtx5ZYh8/AXLvUQsrIv7s2CGM=}
    engines: {node: '>=0.10.0'}

  /object-inspect/1.10.3:
    resolution: {integrity: sha512-e5mCJlSH7poANfC8z8S9s9S2IN5/4Zb3aZ33f5s8YqoazCFzNLloLU8r5VCG+G7WoqLvAAZoVMcy3tp/3X0Plw==}
    dev: true

  /object-is/1.1.5:
    resolution: {integrity: sha512-3cyDsyHgtmi7I7DfSSI2LDp6SK2lwvtbg0p0R1e0RvTqF5ceGx+K2dfSjm1bKDMVCFEDAQvy+o8c6a7VujOddw==}
    engines: {node: '>= 0.4'}
    dependencies:
      call-bind: 1.0.2
      define-properties: 1.1.3
    dev: true

  /object-keys/1.1.1:
    resolution: {integrity: sha512-NuAESUOUMrlIXOfHKzD6bpPu3tYt3xvjNdRIQ+FeT0lNb4K8WR70CaDxhuNguS2XG+GjkyMwOzsN5ZktImfhLA==}
    engines: {node: '>= 0.4'}
    dev: true

  /object.assign/4.1.2:
    resolution: {integrity: sha512-ixT2L5THXsApyiUPYKmW+2EHpXXe5Ii3M+f4e+aJFAHao5amFRW6J0OO6c/LU8Be47utCx2GL89hxGB6XSmKuQ==}
    engines: {node: '>= 0.4'}
    dependencies:
      call-bind: 1.0.2
      define-properties: 1.1.3
      has-symbols: 1.0.2
      object-keys: 1.1.1
    dev: true

  /once/1.4.0:
    resolution: {integrity: sha1-WDsap3WWHUsROsF9nFC6753Xa9E=}
    dependencies:
      wrappy: 1.0.2
    dev: true

  /path-is-absolute/1.0.1:
    resolution: {integrity: sha1-F0uSaHNVNP+8es5r9TpanhtcX18=}
    engines: {node: '>=0.10.0'}
    dev: true

  /path-parse/1.0.6:
    resolution: {integrity: sha512-GSmOT2EbHrINBf9SR7CDELwlJ8AENk3Qn7OikK4nFYAu3Ote2+JYNVvkpAEQm3/TLNEJFD/xZJjzyxg3KBWOzw==}
    dev: true

  /react-is/17.0.2:
    resolution: {integrity: sha512-w2GsyukL62IJnlaff/nRegPQR94C/XXamvMWmSHRJ4y7Ts/4ocGRmTHvOs8PSE6pB3dWOrD/nueuU5sduBsQ4w==}
    dev: true

  /react-shallow-renderer/16.14.1_react@17.0.2:
    resolution: {integrity: sha512-rkIMcQi01/+kxiTE9D3fdS959U1g7gs+/rborw++42m1O9FAQiNI/UNRZExVUoAOprn4umcXf+pFRou8i4zuBg==}
    peerDependencies:
      react: ^16.0.0 || ^17.0.0
    dependencies:
      object-assign: 4.1.1
      react: 17.0.2
      react-is: 17.0.2
    dev: true

  /react-test-renderer/17.0.2_react@17.0.2:
    resolution: {integrity: sha512-yaQ9cB89c17PUb0x6UfWRs7kQCorVdHlutU1boVPEsB8IDZH6n9tHxMacc3y0JoXOJUsZb/t/Mb8FUWMKaM7iQ==}
    peerDependencies:
      react: 17.0.2
    dependencies:
      object-assign: 4.1.1
      react: 17.0.2
      react-is: 17.0.2
      react-shallow-renderer: 16.14.1_react@17.0.2
      scheduler: 0.20.2
    dev: true

  /react/17.0.2:
    resolution: {integrity: sha512-gnhPt75i/dq/z3/6q/0asP78D0u592D5L1pd7M8P+dck6Fu/jJeL6iVVK23fptSUZj8Vjf++7wXA8UNclGQcbA==}
    engines: {node: '>=0.10.0'}
    dependencies:
      loose-envify: 1.4.0
      object-assign: 4.1.1
    dev: false

  /regexp.prototype.flags/1.3.1:
    resolution: {integrity: sha512-JiBdRBq91WlY7uRJ0ds7R+dU02i6LKi8r3BuQhNXn+kmeLN+EfHhfjqMRis1zJxnlu88hq/4dx0P2OP3APRTOA==}
    engines: {node: '>= 0.4'}
    dependencies:
      call-bind: 1.0.2
      define-properties: 1.1.3
    dev: true

  /resolve/2.0.0-next.3:
    resolution: {integrity: sha512-W8LucSynKUIDu9ylraa7ueVZ7hc0uAgJBxVsQSKOXOyle8a93qXhcz+XAXZ8bIq2d6i4Ehddn6Evt+0/UwKk6Q==}
    dependencies:
      is-core-module: 2.3.0
      path-parse: 1.0.6
    dev: true

  /resumer/0.0.0:
    resolution: {integrity: sha1-8ej0YeQGS6Oegq883CqMiT0HZ1k=}
    dependencies:
      through: 2.3.8
    dev: true

  /scheduler/0.20.2:
    resolution: {integrity: sha512-2eWfGgAqqWFGqtdMmcL5zCMK1U8KlXv8SQFGglL3CEtd0aDVDWgeF/YoCmvln55m5zSk3J/20hTaSBeSObsQDQ==}
    dependencies:
      loose-envify: 1.4.0
      object-assign: 4.1.1
    dev: true

  /side-channel/1.0.4:
    resolution: {integrity: sha512-q5XPytqFEIKHkGdiMIrY10mvLRvnQh42/+GoBlFW3b2LXLE2xxJpZFdm94we0BaoV3RwJyGqg5wS7epxTv0Zvw==}
    dependencies:
      call-bind: 1.0.2
      get-intrinsic: 1.1.1
      object-inspect: 1.10.3
    dev: true

  /string.prototype.trim/1.2.4:
    resolution: {integrity: sha512-hWCk/iqf7lp0/AgTF7/ddO1IWtSNPASjlzCicV5irAVdE1grjsneK26YG6xACMBEdCvO8fUST0UzDMh/2Qy+9Q==}
    engines: {node: '>= 0.4'}
    dependencies:
      call-bind: 1.0.2
      define-properties: 1.1.3
      es-abstract: 1.18.0
    dev: true

  /string.prototype.trimend/1.0.4:
    resolution: {integrity: sha512-y9xCjw1P23Awk8EvTpcyL2NIr1j7wJ39f+k6lvRnSMz+mz9CGz9NYPelDk42kOz6+ql8xjfK8oYzy3jAP5QU5A==}
    dependencies:
      call-bind: 1.0.2
      define-properties: 1.1.3
    dev: true

  /string.prototype.trimstart/1.0.4:
    resolution: {integrity: sha512-jh6e984OBfvxS50tdY2nRZnoC5/mLFKOREQfw8t5yytkoUsJRNxvI/E39qu1sD0OtWI3OC0XgKSmcWwziwYuZw==}
    dependencies:
      call-bind: 1.0.2
      define-properties: 1.1.3
    dev: true

  /symbol-observable/1.2.0:
    resolution: {integrity: sha512-e900nM8RRtGhlV36KGEU9k65K3mPb1WV70OdjfxlG2EAuM1noi/E/BaW/uMhL7bPEssK8QV57vN3esixjUvcXQ==}
    engines: {node: '>=0.10.0'}
    dev: true

  /tape/5.2.2:
    resolution: {integrity: sha512-grXrzPC1ly2kyTMKdqxh5GiLpb0BpNctCuecTB0psHX4Gu0nc+uxWR4xKjTh/4CfQlH4zhvTM2/EXmHXp6v/uA==}
    hasBin: true
    dependencies:
      call-bind: 1.0.2
      deep-equal: 2.0.5
      defined: 1.0.0
      dotignore: 0.1.2
      for-each: 0.3.3
      glob: 7.1.7
      has: 1.0.3
      inherits: 2.0.4
      is-regex: 1.1.3
      minimist: 1.2.5
      object-inspect: 1.10.3
      object-is: 1.1.5
      object.assign: 4.1.2
      resolve: 2.0.0-next.3
      resumer: 0.0.0
      string.prototype.trim: 1.2.4
      through: 2.3.8
    dev: true

  /through/2.3.8:
    resolution: {integrity: sha1-DdTJ/6q8NXlgsbckEV1+Doai4fU=}
    dev: true

  /typescript/4.2.4:
    resolution: {integrity: sha512-V+evlYHZnQkaz8TRBuxTA92yZBPotr5H+WhQ7bD3hZUndx5tGOa1fuCgeSjxAzM1RiN5IzvadIXTVefuuwZCRg==}
    engines: {node: '>=4.2.0'}
    hasBin: true
    dev: true

  /unbox-primitive/1.0.1:
    resolution: {integrity: sha512-tZU/3NqK3dA5gpE1KtyiJUrEB0lxnGkMFHptJ7q6ewdZ8s12QrODwNbhIJStmJkd1QDXa1NRA8aF2A1zk/Ypyw==}
    dependencies:
      function-bind: 1.1.1
      has-bigints: 1.0.1
      has-symbols: 1.0.2
      which-boxed-primitive: 1.0.2
    dev: true

  /which-boxed-primitive/1.0.2:
    resolution: {integrity: sha512-bwZdv0AKLpplFY2KZRX6TvyuN7ojjr7lwkg6ml0roIy9YeuSr7JS372qlNW18UQYzgYK9ziGcerWqZOmEn9VNg==}
    dependencies:
      is-bigint: 1.0.2
      is-boolean-object: 1.1.1
      is-number-object: 1.0.5
      is-string: 1.0.6
      is-symbol: 1.0.3
    dev: true

  /which-collection/1.0.1:
    resolution: {integrity: sha512-W8xeTUwaln8i3K/cY1nGXzdnVZlidBcagyNFtBdD5kxnb4TvGKR7FfSIS3mYpwWS1QUCutfKz8IY8RjftB0+1A==}
    dependencies:
      is-map: 2.0.2
      is-set: 2.0.2
      is-weakmap: 2.0.1
      is-weakset: 2.0.1
    dev: true

  /which-typed-array/1.1.4:
    resolution: {integrity: sha512-49E0SpUe90cjpoc7BOJwyPHRqSAd12c10Qm2amdEZrJPCY2NDxaW01zHITrem+rnETY3dwrbH3UUrUwagfCYDA==}
    engines: {node: '>= 0.4'}
    dependencies:
      available-typed-arrays: 1.0.2
      call-bind: 1.0.2
      es-abstract: 1.18.0
      foreach: 2.0.5
      function-bind: 1.1.1
      has-symbols: 1.0.2
      is-typed-array: 1.1.5
    dev: true

  /wrappy/1.0.2:
    resolution: {integrity: sha1-tSQ9jz7BqjXxNkYFvA0QNuMKtp8=}
    dev: true
